
Microsoft Visual Studio Solution File, Format Version 12.00
# Visual Studio 15
VisualStudioVersion = 15.0.28010.2003
MinimumVisualStudioVersion = 10.0.40219.1
Project("{FAE04EC0-301F-11D3-BF4B-00C04F79EFBC}") = "RandomPassword", "RandomPassword\RandomPassword.csproj", "{DB96BE49-DF7A-4BB2-90FC-C519DA0CA2ED}"
EndProject
Global
	GlobalSection(SolutionConfigurationPlatforms) = preSolution
		Debug|Any CPU = Debug|Any CPU
		Release|Any CPU = Release|Any CPU
	EndGlobalSection
	GlobalSection(ProjectConfigurationPlatforms) = postSolution
		{DB96BE49-DF7A-4BB2-90FC-C519DA0CA2ED}.Debug|Any CPU.ActiveCfg = Debug|Any CPU
		{DB96BE49-DF7A-4BB2-90FC-C519DA0CA2ED}.Debug|Any CPU.Build.0 = Debug|Any CPU
		{DB96BE49-DF7A-4BB2-90FC-C519DA0CA2ED}.Release|Any CPU.ActiveCfg = Release|Any CPU
		{DB96BE49-DF7A-4BB2-90FC-C519DA0CA2ED}.Release|Any CPU.Build.0 = Release|Any CPU
	EndGlobalSection
	GlobalSection(SolutionProperties) = preSolution
		HideSolutionNode = FALSE
	EndGlobalSection
	GlobalSection(ExtensibilityGlobals) = postSolution
		SolutionGuid = {D4E53CD6-51FB-4176-8655-217251680B89}
	EndGlobalSection
EndGlobal
